
Microsoft Visual Studio Solution File, Format Version 12.00
# Visual Studio Version 16
VisualStudioVersion = 16.0.29403.142
MinimumVisualStudioVersion = 10.0.40219.1
Project("{FAE04EC0-301F-11D3-BF4B-00C04F79EFBC}") = "Solution_3_Web", "Solution_3_Web.csproj", "{D3FDC17D-067E-4407-86B0-1B8D6E0CB424}"
EndProject
Project("{FAE04EC0-301F-11D3-BF4B-00C04F79EFBC}") = "Solution_3_Web.Tests", "..\Solution_3_Web.Tests\Solution_3_Web.Tests.csproj", "{29AC4B93-0CA9-4B72-856A-2662C0394658}"
EndProject
Global
	GlobalSection(SolutionConfigurationPlatforms) = preSolution
		Debug|Any CPU = Debug|Any CPU
		Release|Any CPU = Release|Any CPU
	EndGlobalSection
	GlobalSection(ProjectConfigurationPlatforms) = postSolution
		{D3FDC17D-067E-4407-86B0-1B8D6E0CB424}.Debug|Any CPU.ActiveCfg = Debug|Any CPU
		{D3FDC17D-067E-4407-86B0-1B8D6E0CB424}.Debug|Any CPU.Build.0 = Debug|Any CPU
		{D3FDC17D-067E-4407-86B0-1B8D6E0CB424}.Release|Any CPU.ActiveCfg = Release|Any CPU
		{D3FDC17D-067E-4407-86B0-1B8D6E0CB424}.Release|Any CPU.Build.0 = Release|Any CPU
		{29AC4B93-0CA9-4B72-856A-2662C0394658}.Debug|Any CPU.ActiveCfg = Debug|Any CPU
		{29AC4B93-0CA9-4B72-856A-2662C0394658}.Debug|Any CPU.Build.0 = Debug|Any CPU
		{29AC4B93-0CA9-4B72-856A-2662C0394658}.Release|Any CPU.ActiveCfg = Release|Any CPU
		{29AC4B93-0CA9-4B72-856A-2662C0394658}.Release|Any CPU.Build.0 = Release|Any CPU
	EndGlobalSection
	GlobalSection(SolutionProperties) = preSolution
		HideSolutionNode = FALSE
	EndGlobalSection
	GlobalSection(ExtensibilityGlobals) = postSolution
		SolutionGuid = {95F348C8-E7D9-40A6-B991-2440787E29A0}
	EndGlobalSection
EndGlobal
